
Microsoft Visual Studio Solution File, Format Version 12.00
# Visual Studio Version 17
VisualStudioVersion = 17.11.35327.3
MinimumVisualStudioVersion = 10.0.40219.1
Project("{FAE04EC0-301F-11D3-BF4B-00C04F79EFBC}") = "Project_RapPhim", "Project_RapPhim\Project_RapPhim.csproj", "{E85233F1-BF3C-4E4F-A38F-EA454E6C0064}"
EndProject
Global
	GlobalSection(SolutionConfigurationPlatforms) = preSolution
		Debug|Any CPU = Debug|Any CPU
		Release|Any CPU = Release|Any CPU
	EndGlobalSection
	GlobalSection(ProjectConfigurationPlatforms) = postSolution
		{E85233F1-BF3C-4E4F-A38F-EA454E6C0064}.Debug|Any CPU.ActiveCfg = Debug|Any CPU
		{E85233F1-BF3C-4E4F-A38F-EA454E6C0064}.Debug|Any CPU.Build.0 = Debug|Any CPU
		{E85233F1-BF3C-4E4F-A38F-EA454E6C0064}.Release|Any CPU.ActiveCfg = Release|Any CPU
		{E85233F1-BF3C-4E4F-A38F-EA454E6C0064}.Release|Any CPU.Build.0 = Release|Any CPU
	EndGlobalSection
	GlobalSection(SolutionProperties) = preSolution
		HideSolutionNode = FALSE
	EndGlobalSection
	GlobalSection(ExtensibilityGlobals) = postSolution
		SolutionGuid = {C6BB00DC-74D6-4B61-AEA8-EC1687B689AD}
	EndGlobalSection
EndGlobal
